
Microsoft Visual Studio Solution File, Format Version 12.00
# Visual Studio 15
VisualStudioVersion = 15.0.28307.1062
MinimumVisualStudioVersion = 10.0.40219.1
Project("{FAE04EC0-301F-11D3-BF4B-00C04F79EFBC}") = "GitHubExplorer.Android", "GitHubExplorer\GitHubExplorer.Android\GitHubExplorer.Android.csproj", "{A509C3CA-CC98-4173-8AAC-6CB6B16AF67C}"
EndProject
Project("{FAE04EC0-301F-11D3-BF4B-00C04F79EFBC}") = "GitHubExplorer.iOS", "GitHubExplorer\GitHubExplorer.iOS\GitHubExplorer.iOS.csproj", "{4DED0B23-B5EB-4F64-AA0D-ECD7F6CD7CC6}"
EndProject
Project("{9A19103F-16F7-4668-BE54-9A1E7A4F7556}") = "GitHubExplorer", "GitHubExplorer\GitHubExplorer\GitHubExplorer.csproj", "{834FBD8A-B2EF-4A3D-BF7B-70D52AD43FCC}"
EndProject
Global
	GlobalSection(SolutionConfigurationPlatforms) = preSolution
		Ad-Hoc|Any CPU = Ad-Hoc|Any CPU
		Ad-Hoc|iPhone = Ad-Hoc|iPhone
		Ad-Hoc|iPhoneSimulator = Ad-Hoc|iPhoneSimulator
		AppStore|Any CPU = AppStore|Any CPU
		AppStore|iPhone = AppStore|iPhone
		AppStore|iPhoneSimulator = AppStore|iPhoneSimulator
		Debug|Any CPU = Debug|Any CPU
		Debug|iPhone = Debug|iPhone
		Debug|iPhoneSimulator = Debug|iPhoneSimulator
		Release|Any CPU = Release|Any CPU
		Release|iPhone = Release|iPhone
		Release|iPhoneSimulator = Release|iPhoneSimulator
	EndGlobalSection
	GlobalSection(ProjectConfigurationPlatforms) = postSolution
		{A509C3CA-CC98-4173-8AAC-6CB6B16AF67C}.Ad-Hoc|Any CPU.ActiveCfg = Release|Any CPU
		{A509C3CA-CC98-4173-8AAC-6CB6B16AF67C}.Ad-Hoc|Any CPU.Build.0 = Release|Any CPU
		{A509C3CA-CC98-4173-8AAC-6CB6B16AF67C}.Ad-Hoc|Any CPU.Deploy.0 = Release|Any CPU
		{A509C3CA-CC98-4173-8AAC-6CB6B16AF67C}.Ad-Hoc|iPhone.ActiveCfg = Release|Any CPU
		{A509C3CA-CC98-4173-8AAC-6CB6B16AF67C}.Ad-Hoc|iPhone.Build.0 = Release|Any CPU
		{A509C3CA-CC98-4173-8AAC-6CB6B16AF67C}.Ad-Hoc|iPhone.Deploy.0 = Release|Any CPU
		{A509C3CA-CC98-4173-8AAC-6CB6B16AF67C}.Ad-Hoc|iPhoneSimulator.ActiveCfg = Release|Any CPU
		{A509C3CA-CC98-4173-8AAC-6CB6B16AF67C}.Ad-Hoc|iPhoneSimulator.Build.0 = Release|Any CPU
		{A509C3CA-CC98-4173-8AAC-6CB6B16AF67C}.Ad-Hoc|iPhoneSimulator.Deploy.0 = Release|Any CPU
		{A509C3CA-CC98-4173-8AAC-6CB6B16AF67C}.AppStore|Any CPU.ActiveCfg = Release|Any CPU
		{A509C3CA-CC98-4173-8AAC-6CB6B16AF67C}.AppStore|Any CPU.Build.0 = Release|Any CPU
		{A509C3CA-CC98-4173-8AAC-6CB6B16AF67C}.AppStore|Any CPU.Deploy.0 = Release|Any CPU
		{A509C3CA-CC98-4173-8AAC-6CB6B16AF67C}.AppStore|iPhone.ActiveCfg = Release|Any CPU
		{A509C3CA-CC98-4173-8AAC-6CB6B16AF67C}.AppStore|iPhone.Build.0 = Release|Any CPU
		{A509C3CA-CC98-4173-8AAC-6CB6B16AF67C}.AppStore|iPhone.Deploy.0 = Release|Any CPU
		{A509C3CA-CC98-4173-8AAC-6CB6B16AF67C}.AppStore|iPhoneSimulator.ActiveCfg = Release|Any CPU
		{A509C3CA-CC98-4173-8AAC-6CB6B16AF67C}.AppStore|iPhoneSimulator.Build.0 = Release|Any CPU
		{A509C3CA-CC98-4173-8AAC-6CB6B16AF67C}.AppStore|iPhoneSimulator.Deploy.0 = Release|Any CPU
		{A509C3CA-CC98-4173-8AAC-6CB6B16AF67C}.Debug|Any CPU.ActiveCfg = Debug|Any CPU
		{A509C3CA-CC98-4173-8AAC-6CB6B16AF67C}.Debug|Any CPU.Build.0 = Debug|Any CPU
		{A509C3CA-CC98-4173-8AAC-6CB6B16AF67C}.Debug|Any CPU.Deploy.0 = Debug|Any CPU
		{A509C3CA-CC98-4173-8AAC-6CB6B16AF67C}.Debug|iPhone.ActiveCfg = Debug|Any CPU
		{A509C3CA-CC98-4173-8AAC-6CB6B16AF67C}.Debug|iPhone.Build.0 = Debug|Any CPU
		{A509C3CA-CC98-4173-8AAC-6CB6B16AF67C}.Debug|iPhone.Deploy.0 = Debug|Any CPU
		{A509C3CA-CC98-4173-8AAC-6CB6B16AF67C}.Debug|iPhoneSimulator.ActiveCfg = Debug|Any CPU
		{A509C3CA-CC98-4173-8AAC-6CB6B16AF67C}.Debug|iPhoneSimulator.Build.0 = Debug|Any CPU
		{A509C3CA-CC98-4173-8AAC-6CB6B16AF67C}.Debug|iPhoneSimulator.Deploy.0 = Debug|Any CPU
		{A509C3CA-CC98-4173-8AAC-6CB6B16AF67C}.Release|Any CPU.ActiveCfg = Release|Any CPU
		{A509C3CA-CC98-4173-8AAC-6CB6B16AF67C}.Release|Any CPU.Build.0 = Release|Any CPU
		{A509C3CA-CC98-4173-8AAC-6CB6B16AF67C}.Release|Any CPU.Deploy.0 = Release|Any CPU
		{A509C3CA-CC98-4173-8AAC-6CB6B16AF67C}.Release|iPhone.ActiveCfg = Release|Any CPU
		{A509C3CA-CC98-4173-8AAC-6CB6B16AF67C}.Release|iPhone.Build.0 = Release|Any CPU
		{A509C3CA-CC98-4173-8AAC-6CB6B16AF67C}.Release|iPhone.Deploy.0 = Release|Any CPU
		{A509C3CA-CC98-4173-8AAC-6CB6B16AF67C}.Release|iPhoneSimulator.ActiveCfg = Release|Any CPU
		{A509C3CA-CC98-4173-8AAC-6CB6B16AF67C}.Release|iPhoneSimulator.Build.0 = Release|Any CPU
		{A509C3CA-CC98-4173-8AAC-6CB6B16AF67C}.Release|iPhoneSimulator.Deploy.0 = Release|Any CPU
		{4DED0B23-B5EB-4F64-AA0D-ECD7F6CD7CC6}.Ad-Hoc|Any CPU.ActiveCfg = Ad-Hoc|iPhone
		{4DED0B23-B5EB-4F64-AA0D-ECD7F6CD7CC6}.Ad-Hoc|Any CPU.Build.0 = Ad-Hoc|iPhone
		{4DED0B23-B5EB-4F64-AA0D-ECD7F6CD7CC6}.Ad-Hoc|Any CPU.Deploy.0 = Ad-Hoc|iPhone
		{4DED0B23-B5EB-4F64-AA0D-ECD7F6CD7CC6}.Ad-Hoc|iPhone.ActiveCfg = Ad-Hoc|iPhone
		{4DED0B23-B5EB-4F64-AA0D-ECD7F6CD7CC6}.Ad-Hoc|iPhone.Build.0 = Ad-Hoc|iPhone
		{4DED0B23-B5EB-4F64-AA0D-ECD7F6CD7CC6}.Ad-Hoc|iPhone.Deploy.0 = Ad-Hoc|iPhone
		{4DED0B23-B5EB-4F64-AA0D-ECD7F6CD7CC6}.Ad-Hoc|iPhoneSimulator.ActiveCfg = Ad-Hoc|iPhoneSimulator
		{4DED0B23-B5EB-4F64-AA0D-ECD7F6CD7CC6}.Ad-Hoc|iPhoneSimulator.Build.0 = Ad-Hoc|iPhoneSimulator
		{4DED0B23-B5EB-4F64-AA0D-ECD7F6CD7CC6}.Ad-Hoc|iPhoneSimulator.Deploy.0 = Ad-Hoc|iPhoneSimulator
		{4DED0B23-B5EB-4F64-AA0D-ECD7F6CD7CC6}.AppStore|Any CPU.ActiveCfg = AppStore|iPhone
		{4DED0B23-B5EB-4F64-AA0D-ECD7F6CD7CC6}.AppStore|Any CPU.Build.0 = AppStore|iPhone
		{4DED0B23-B5EB-4F64-AA0D-ECD7F6CD7CC6}.AppStore|Any CPU.Deploy.0 = AppStore|iPhone
		{4DED0B23-B5EB-4F64-AA0D-ECD7F6CD7CC6}.AppStore|iPhone.ActiveCfg = AppStore|iPhone
		{4DED0B23-B5EB-4F64-AA0D-ECD7F6CD7CC6}.AppStore|iPhone.Build.0 = AppStore|iPhone
		{4DED0B23-B5EB-4F64-AA0D-ECD7F6CD7CC6}.AppStore|iPhone.Deploy.0 = AppStore|iPhone
		{4DED0B23-B5EB-4F64-AA0D-ECD7F6CD7CC6}.AppStore|iPhoneSimulator.ActiveCfg = AppStore|iPhoneSimulator
		{4DED0B23-B5EB-4F64-AA0D-ECD7F6CD7CC6}.AppStore|iPhoneSimulator.Build.0 = AppStore|iPhoneSimulator
		{4DED0B23-B5EB-4F64-AA0D-ECD7F6CD7CC6}.AppStore|iPhoneSimulator.Deploy.0 = AppStore|iPhoneSimulator
		{4DED0B23-B5EB-4F64-AA0D-ECD7F6CD7CC6}.Debug|Any CPU.ActiveCfg = Debug|iPhoneSimulator
		{4DED0B23-B5EB-4F64-AA0D-ECD7F6CD7CC6}.Debug|Any CPU.Build.0 = Debug|iPhoneSimulator
		{4DED0B23-B5EB-4F64-AA0D-ECD7F6CD7CC6}.Debug|Any CPU.Deploy.0 = Debug|iPhoneSimulator
		{4DED0B23-B5EB-4F64-AA0D-ECD7F6CD7CC6}.Debug|iPhone.ActiveCfg = Debug|iPhone
		{4DED0B23-B5EB-4F64-AA0D-ECD7F6CD7CC6}.Debug|iPhone.Build.0 = Debug|iPhone
		{4DED0B23-B5EB-4F64-AA0D-ECD7F6CD7CC6}.Debug|iPhone.Deploy.0 = Debug|iPhone
		{4DED0B23-B5EB-4F64-AA0D-ECD7F6CD7CC6}.Debug|iPhoneSimulator.ActiveCfg = Debug|iPhoneSimulator
		{4DED0B23-B5EB-4F64-AA0D-ECD7F6CD7CC6}.Debug|iPhoneSimulator.Build.0 = Debug|iPhoneSimulator
		{4DED0B23-B5EB-4F64-AA0D-ECD7F6CD7CC6}.Debug|iPhoneSimulator.Deploy.0 = Debug|iPhoneSimulator
		{4DED0B23-B5EB-4F64-AA0D-ECD7F6CD7CC6}.Release|Any CPU.ActiveCfg = Release|iPhone
		{4DED0B23-B5EB-4F64-AA0D-ECD7F6CD7CC6}.Release|Any CPU.Build.0 = Release|iPhone
		{4DED0B23-B5EB-4F64-AA0D-ECD7F6CD7CC6}.Release|Any CPU.Deploy.0 = Release|iPhone
		{4DED0B23-B5EB-4F64-AA0D-ECD7F6CD7CC6}.Release|iPhone.ActiveCfg = Release|iPhone
		{4DED0B23-B5EB-4F64-AA0D-ECD7F6CD7CC6}.Release|iPhone.Build.0 = Release|iPhone
		{4DED0B23-B5EB-4F64-AA0D-ECD7F6CD7CC6}.Release|iPhone.Deploy.0 = Release|iPhone
		{4DED0B23-B5EB-4F64-AA0D-ECD7F6CD7CC6}.Release|iPhoneSimulator.ActiveCfg = Release|iPhoneSimulator
		{4DED0B23-B5EB-4F64-AA0D-ECD7F6CD7CC6}.Release|iPhoneSimulator.Build.0 = Release|iPhoneSimulator
		{4DED0B23-B5EB-4F64-AA0D-ECD7F6CD7CC6}.Release|iPhoneSimulator.Deploy.0 = Release|iPhoneSimulator
		{834FBD8A-B2EF-4A3D-BF7B-70D52AD43FCC}.Ad-Hoc|Any CPU.ActiveCfg = Debug|Any CPU
		{834FBD8A-B2EF-4A3D-BF7B-70D52AD43FCC}.Ad-Hoc|Any CPU.Build.0 = Debug|Any CPU
		{834FBD8A-B2EF-4A3D-BF7B-70D52AD43FCC}.Ad-Hoc|Any CPU.Deploy.0 = Debug|Any CPU
		{834FBD8A-B2EF-4A3D-BF7B-70D52AD43FCC}.Ad-Hoc|iPhone.ActiveCfg = Debug|Any CPU
		{834FBD8A-B2EF-4A3D-BF7B-70D52AD43FCC}.Ad-Hoc|iPhone.Build.0 = Debug|Any CPU
		{834FBD8A-B2EF-4A3D-BF7B-70D52AD43FCC}.Ad-Hoc|iPhone.Deploy.0 = Debug|Any CPU
		{834FBD8A-B2EF-4A3D-BF7B-70D52AD43FCC}.Ad-Hoc|iPhoneSimulator.ActiveCfg = Debug|Any CPU
		{834FBD8A-B2EF-4A3D-BF7B-70D52AD43FCC}.Ad-Hoc|iPhoneSimulator.Build.0 = Debug|Any CPU
		{834FBD8A-B2EF-4A3D-BF7B-70D52AD43FCC}.Ad-Hoc|iPhoneSimulator.Deploy.0 = Debug|Any CPU
		{834FBD8A-B2EF-4A3D-BF7B-70D52AD43FCC}.AppStore|Any CPU.ActiveCfg = Debug|Any CPU
		{834FBD8A-B2EF-4A3D-BF7B-70D52AD43FCC}.AppStore|Any CPU.Build.0 = Debug|Any CPU
		{834FBD8A-B2EF-4A3D-BF7B-70D52AD43FCC}.AppStore|Any CPU.Deploy.0 = Debug|Any CPU
		{834FBD8A-B2EF-4A3D-BF7B-70D52AD43FCC}.AppStore|iPhone.ActiveCfg = Debug|Any CPU
		{834FBD8A-B2EF-4A3D-BF7B-70D52AD43FCC}.AppStore|iPhone.Build.0 = Debug|Any CPU
		{834FBD8A-B2EF-4A3D-BF7B-70D52AD43FCC}.AppStore|iPhone.Deploy.0 = Debug|Any CPU
		{834FBD8A-B2EF-4A3D-BF7B-70D52AD43FCC}.AppStore|iPhoneSimulator.ActiveCfg = Debug|Any CPU
		{834FBD8A-B2EF-4A3D-BF7B-70D52AD43FCC}.AppStore|iPhoneSimulator.Build.0 = Debug|Any CPU
		{834FBD8A-B2EF-4A3D-BF7B-70D52AD43FCC}.AppStore|iPhoneSimulator.Deploy.0 = Debug|Any CPU
		{834FBD8A-B2EF-4A3D-BF7B-70D52AD43FCC}.Debug|Any CPU.ActiveCfg = Debug|Any CPU
		{834FBD8A-B2EF-4A3D-BF7B-70D52AD43FCC}.Debug|Any CPU.Build.0 = Debug|Any CPU
		{834FBD8A-B2EF-4A3D-BF7B-70D52AD43FCC}.Debug|Any CPU.Deploy.0 = Debug|Any CPU
		{834FBD8A-B2EF-4A3D-BF7B-70D52AD43FCC}.Debug|iPhone.ActiveCfg = Debug|Any CPU
		{834FBD8A-B2EF-4A3D-BF7B-70D52AD43FCC}.Debug|iPhone.Build.0 = Debug|Any CPU
		{834FBD8A-B2EF-4A3D-BF7B-70D52AD43FCC}.Debug|iPhone.Deploy.0 = Debug|Any CPU
		{834FBD8A-B2EF-4A3D-BF7B-70D52AD43FCC}.Debug|iPhoneSimulator.ActiveCfg = Debug|Any CPU
		{834FBD8A-B2EF-4A3D-BF7B-70D52AD43FCC}.Debug|iPhoneSimulator.Build.0 = Debug|Any CPU
		{834FBD8A-B2EF-4A3D-BF7B-70D52AD43FCC}.Debug|iPhoneSimulator.Deploy.0 = Debug|Any CPU
		{834FBD8A-B2EF-4A3D-BF7B-70D52AD43FCC}.Release|Any CPU.ActiveCfg = Release|Any CPU
		{834FBD8A-B2EF-4A3D-BF7B-70D52AD43FCC}.Release|Any CPU.Build.0 = Release|Any CPU
		{834FBD8A-B2EF-4A3D-BF7B-70D52AD43FCC}.Release|Any CPU.Deploy.0 = Release|Any CPU
		{834FBD8A-B2EF-4A3D-BF7B-70D52AD43FCC}.Release|iPhone.ActiveCfg = Release|Any CPU
		{834FBD8A-B2EF-4A3D-BF7B-70D52AD43FCC}.Release|iPhone.Build.0 = Release|Any CPU
		{834FBD8A-B2EF-4A3D-BF7B-70D52AD43FCC}.Release|iPhone.Deploy.0 = Release|Any CPU
		{834FBD8A-B2EF-4A3D-BF7B-70D52AD43FCC}.Release|iPhoneSimulator.ActiveCfg = Release|Any CPU
		{834FBD8A-B2EF-4A3D-BF7B-70D52AD43FCC}.Release|iPhoneSimulator.Build.0 = Release|Any CPU
		{834FBD8A-B2EF-4A3D-BF7B-70D52AD43FCC}.Release|iPhoneSimulator.Deploy.0 = Release|Any CPU
	EndGlobalSection
	GlobalSection(SolutionProperties) = preSolution
		HideSolutionNode = FALSE
	EndGlobalSection
	GlobalSection(ExtensibilityGlobals) = postSolution
		SolutionGuid = {1E39E6E0-A1DD-4651-987C-226620FA639D}
	EndGlobalSection
EndGlobal
